
Microsoft Visual Studio Solution File, Format Version 12.00
# Visual Studio 15
VisualStudioVersion = 15.0.26124.0
MinimumVisualStudioVersion = 15.0.26124.0
Project("{2150E333-8FDC-42A3-9474-1A3956D46DE8}") = "src", "src", "{30755B72-B67B-4E65-8BEF-EE54DC5F56DE}"
EndProject
Project("{FAE04EC0-301F-11D3-BF4B-00C04F79EFBC}") = "SharpUtensils", "src\SharpUtensils\SharpUtensils.csproj", "{FB2C14A1-CA41-43C4-8D67-A18328E2DDF3}"
EndProject
Project("{2150E333-8FDC-42A3-9474-1A3956D46DE8}") = "tests", "tests", "{9494035C-3A11-4E29-BFCF-676FA559B7A3}"
EndProject
Project("{FAE04EC0-301F-11D3-BF4B-00C04F79EFBC}") = "SharpUtensils.Tests", "tests\SharpUtensils.Tests\SharpUtensils.Tests.csproj", "{C4962F13-46A2-4A0A-9992-FF6CBCC8949A}"
EndProject
Global
	GlobalSection(SolutionConfigurationPlatforms) = preSolution
		Debug|Any CPU = Debug|Any CPU
		Debug|x64 = Debug|x64
		Debug|x86 = Debug|x86
		Release|Any CPU = Release|Any CPU
		Release|x64 = Release|x64
		Release|x86 = Release|x86
	EndGlobalSection
	GlobalSection(SolutionProperties) = preSolution
		HideSolutionNode = FALSE
	EndGlobalSection
	GlobalSection(ProjectConfigurationPlatforms) = postSolution
		{FB2C14A1-CA41-43C4-8D67-A18328E2DDF3}.Debug|Any CPU.ActiveCfg = Debug|Any CPU
		{FB2C14A1-CA41-43C4-8D67-A18328E2DDF3}.Debug|Any CPU.Build.0 = Debug|Any CPU
		{FB2C14A1-CA41-43C4-8D67-A18328E2DDF3}.Debug|x64.ActiveCfg = Debug|Any CPU
		{FB2C14A1-CA41-43C4-8D67-A18328E2DDF3}.Debug|x64.Build.0 = Debug|Any CPU
		{FB2C14A1-CA41-43C4-8D67-A18328E2DDF3}.Debug|x86.ActiveCfg = Debug|Any CPU
		{FB2C14A1-CA41-43C4-8D67-A18328E2DDF3}.Debug|x86.Build.0 = Debug|Any CPU
		{FB2C14A1-CA41-43C4-8D67-A18328E2DDF3}.Release|Any CPU.ActiveCfg = Release|Any CPU
		{FB2C14A1-CA41-43C4-8D67-A18328E2DDF3}.Release|Any CPU.Build.0 = Release|Any CPU
		{FB2C14A1-CA41-43C4-8D67-A18328E2DDF3}.Release|x64.ActiveCfg = Release|Any CPU
		{FB2C14A1-CA41-43C4-8D67-A18328E2DDF3}.Release|x64.Build.0 = Release|Any CPU
		{FB2C14A1-CA41-43C4-8D67-A18328E2DDF3}.Release|x86.ActiveCfg = Release|Any CPU
		{FB2C14A1-CA41-43C4-8D67-A18328E2DDF3}.Release|x86.Build.0 = Release|Any CPU
		{C4962F13-46A2-4A0A-9992-FF6CBCC8949A}.Debug|Any CPU.ActiveCfg = Debug|Any CPU
		{C4962F13-46A2-4A0A-9992-FF6CBCC8949A}.Debug|Any CPU.Build.0 = Debug|Any CPU
		{C4962F13-46A2-4A0A-9992-FF6CBCC8949A}.Debug|x64.ActiveCfg = Debug|Any CPU
		{C4962F13-46A2-4A0A-9992-FF6CBCC8949A}.Debug|x64.Build.0 = Debug|Any CPU
		{C4962F13-46A2-4A0A-9992-FF6CBCC8949A}.Debug|x86.ActiveCfg = Debug|Any CPU
		{C4962F13-46A2-4A0A-9992-FF6CBCC8949A}.Debug|x86.Build.0 = Debug|Any CPU
		{C4962F13-46A2-4A0A-9992-FF6CBCC8949A}.Release|Any CPU.ActiveCfg = Release|Any CPU
		{C4962F13-46A2-4A0A-9992-FF6CBCC8949A}.Release|Any CPU.Build.0 = Release|Any CPU
		{C4962F13-46A2-4A0A-9992-FF6CBCC8949A}.Release|x64.ActiveCfg = Release|Any CPU
		{C4962F13-46A2-4A0A-9992-FF6CBCC8949A}.Release|x64.Build.0 = Release|Any CPU
		{C4962F13-46A2-4A0A-9992-FF6CBCC8949A}.Release|x86.ActiveCfg = Release|Any CPU
		{C4962F13-46A2-4A0A-9992-FF6CBCC8949A}.Release|x86.Build.0 = Release|Any CPU
	EndGlobalSection
	GlobalSection(NestedProjects) = preSolution
		{FB2C14A1-CA41-43C4-8D67-A18328E2DDF3} = {30755B72-B67B-4E65-8BEF-EE54DC5F56DE}
		{C4962F13-46A2-4A0A-9992-FF6CBCC8949A} = {9494035C-3A11-4E29-BFCF-676FA559B7A3}
	EndGlobalSection
EndGlobal
